
Microsoft Visual Studio Solution File, Format Version 12.00
# Visual Studio Version 17
VisualStudioVersion = 17.3.32811.315
MinimumVisualStudioVersion = 10.0.40219.1
Project("{FAE04EC0-301F-11D3-BF4B-00C04F79EFBC}") = "BaiTH4", "BaiTH4\BaiTH4.csproj", "{3201E206-2855-48D2-AC55-97627D70161C}"
EndProject
Global
	GlobalSection(SolutionConfigurationPlatforms) = preSolution
		Debug|Any CPU = Debug|Any CPU
		Release|Any CPU = Release|Any CPU
	EndGlobalSection
	GlobalSection(ProjectConfigurationPlatforms) = postSolution
		{3201E206-2855-48D2-AC55-97627D70161C}.Debug|Any CPU.ActiveCfg = Debug|Any CPU
		{3201E206-2855-48D2-AC55-97627D70161C}.Debug|Any CPU.Build.0 = Debug|Any CPU
		{3201E206-2855-48D2-AC55-97627D70161C}.Release|Any CPU.ActiveCfg = Release|Any CPU
		{3201E206-2855-48D2-AC55-97627D70161C}.Release|Any CPU.Build.0 = Release|Any CPU
	EndGlobalSection
	GlobalSection(SolutionProperties) = preSolution
		HideSolutionNode = FALSE
	EndGlobalSection
	GlobalSection(ExtensibilityGlobals) = postSolution
		SolutionGuid = {BA6F6288-CC58-41DD-9946-B13B895927CF}
	EndGlobalSection
EndGlobal
